
Microsoft Visual Studio Solution File, Format Version 12.00
# Visual Studio 2017
Project("{FAE04EC0-301F-11D3-BF4B-00C04F79EFBC}") = "Gave Input test", "Gave Input test.csproj", "{5BC17FB0-49FA-7B98-C76F-4770FFEBCC13}"
EndProject
Project("{FAE04EC0-301F-11D3-BF4B-00C04F79EFBC}") = "Gave Input test.Editor", "Gave Input test.Editor.csproj", "{B902A355-703E-7CC2-0D6F-A116D72ABB73}"
EndProject
Global
	GlobalSection(SolutionConfigurationPlatforms) = preSolution
		Debug|Any CPU = Debug|Any CPU
		Release|Any CPU = Release|Any CPU
	EndGlobalSection
	GlobalSection(ProjectConfigurationPlatforms) = postSolution
		{5BC17FB0-49FA-7B98-C76F-4770FFEBCC13}.Debug|Any CPU.ActiveCfg = Debug|Any CPU
		{5BC17FB0-49FA-7B98-C76F-4770FFEBCC13}.Debug|Any CPU.Build.0 = Debug|Any CPU
		{5BC17FB0-49FA-7B98-C76F-4770FFEBCC13}.Release|Any CPU.ActiveCfg = Release|Any CPU
		{5BC17FB0-49FA-7B98-C76F-4770FFEBCC13}.Release|Any CPU.Build.0 = Release|Any CPU
		{B902A355-703E-7CC2-0D6F-A116D72ABB73}.Debug|Any CPU.ActiveCfg = Debug|Any CPU
		{B902A355-703E-7CC2-0D6F-A116D72ABB73}.Debug|Any CPU.Build.0 = Debug|Any CPU
		{B902A355-703E-7CC2-0D6F-A116D72ABB73}.Release|Any CPU.ActiveCfg = Release|Any CPU
		{B902A355-703E-7CC2-0D6F-A116D72ABB73}.Release|Any CPU.Build.0 = Release|Any CPU
	EndGlobalSection
	GlobalSection(SolutionProperties) = preSolution
		HideSolutionNode = FALSE
	EndGlobalSection
EndGlobal
